// !$*UTF8*$!
{
	archiveVersion = 1;
	classes = {
	};
	objectVersion = 46;
	objects = {

/* Begin PBXBuildFile section */
		EA3B9DAE150507C000138A24 /* PickerViewObject.m in Sources */ = {isa = PBXBuildFile; fileRef = EA3B9DAD150507C000138A24 /* PickerViewObject.m */; };
		EA4A858C14FFB58900517DB9 /* UIKit.framework in Frameworks */ = {isa = PBXBuildFile; fileRef = EA4A858B14FFB58900517DB9 /* UIKit.framework */; };
		EA4A858E14FFB58900517DB9 /* Foundation.framework in Frameworks */ = {isa = PBXBuildFile; fileRef = EA4A858D14FFB58900517DB9 /* Foundation.framework */; };
		EA4A859014FFB58900517DB9 /* CoreGraphics.framework in Frameworks */ = {isa = PBXBuildFile; fileRef = EA4A858F14FFB58900517DB9 /* CoreGraphics.framework */; };
		EA4A859614FFB58900517DB9 /* InfoPlist.strings in Resources */ = {isa = PBXBuildFile; fileRef = EA4A859414FFB58900517DB9 /* InfoPlist.strings */; };
		EA4A859814FFB58900517DB9 /* main.m in Sources */ = {isa = PBXBuildFile; fileRef = EA4A859714FFB58900517DB9 /* main.m */; };
		EA4A859C14FFB58900517DB9 /* Ex06AppDelegate.m in Sources */ = {isa = PBXBuildFile; fileRef = EA4A859B14FFB58900517DB9 /* Ex06AppDelegate.m */; };
		EA4A85A514FFB8DE00517DB9 /* MyUIViewController.m in Sources */ = {isa = PBXBuildFile; fileRef = EA4A85A314FFB8DE00517DB9 /* MyUIViewController.m */; };
		EA4A85A614FFB8DE00517DB9 /* MyUIViewController.xib in Resources */ = {isa = PBXBuildFile; fileRef = EA4A85A414FFB8DE00517DB9 /* MyUIViewController.xib */; };
		EA4A85AB14FFBA0800517DB9 /* BeerIcon001.png in Resources */ = {isa = PBXBuildFile; fileRef = EA4A85A814FFBA0800517DB9 /* BeerIcon001.png */; };
		EA4A85AC14FFBA0800517DB9 /* BeerIcon002.png in Resources */ = {isa = PBXBuildFile; fileRef = EA4A85A914FFBA0800517DB9 /* BeerIcon002.png */; };
		EA4A85AD14FFBA0800517DB9 /* BeerIcon003.png in Resources */ = {isa = PBXBuildFile; fileRef = EA4A85AA14FFBA0800517DB9 /* BeerIcon003.png */; };
/* End PBXBuildFile section */

/* Begin PBXFileReference section */
		EA3B9DAC150507C000138A24 /* PickerViewObject.h */ = {isa = PBXFileReference; fileEncoding = 4; lastKnownFileType = sourcecode.c.h; path = PickerViewObject.h; sourceTree = "<group>"; };
		EA3B9DAD150507C000138A24 /* PickerViewObject.m */ = {isa = PBXFileReference; fileEncoding = 4; lastKnownFileType = sourcecode.c.objc; path = PickerViewObject.m; sourceTree = "<group>"; };
		EA4A858714FFB58900517DB9 /* Exercise6.app */ = {isa = PBXFileReference; explicitFileType = wrapper.application; includeInIndex = 0; path = Exercise6.app; sourceTree = BUILT_PRODUCTS_DIR; };
		EA4A858B14FFB58900517DB9 /* UIKit.framework */ = {isa = PBXFileReference; lastKnownFileType = wrapper.framework; name = UIKit.framework; path = System/Library/Frameworks/UIKit.framework; sourceTree = SDKROOT; };
		EA4A858D14FFB58900517DB9 /* Foundation.framework */ = {isa = PBXFileReference; lastKnownFileType = wrapper.framework; name = Foundation.framework; path = System/Library/Frameworks/Foundation.framework; sourceTree = SDKROOT; };
		EA4A858F14FFB58900517DB9 /* CoreGraphics.framework */ = {isa = PBXFileReference; lastKnownFileType = wrapper.framework; name = CoreGraphics.framework; path = System/Library/Frameworks/CoreGraphics.framework; sourceTree = SDKROOT; };
		EA4A859314FFB58900517DB9 /* Exercise6-Info.plist */ = {isa = PBXFileReference; lastKnownFileType = text.plist.xml; path = "Exercise6-Info.plist"; sourceTree = "<group>"; };
		EA4A859514FFB58900517DB9 /* en */ = {isa = PBXFileReference; lastKnownFileType = text.plist.strings; name = en; path = en.lproj/InfoPlist.strings; sourceTree = "<group>"; };
		EA4A859714FFB58900517DB9 /* main.m */ = {isa = PBXFileReference; lastKnownFileType = sourcecode.c.objc; path = main.m; sourceTree = "<group>"; };
		EA4A859914FFB58900517DB9 /* Exercise6-Prefix.pch */ = {isa = PBXFileReference; lastKnownFileType = sourcecode.c.h; path = "Exercise6-Prefix.pch"; sourceTree = "<group>"; };
		EA4A859A14FFB58900517DB9 /* Ex06AppDelegate.h */ = {isa = PBXFileReference; lastKnownFileType = sourcecode.c.h; path = Ex06AppDelegate.h; sourceTree = "<group>"; };
		EA4A859B14FFB58900517DB9 /* Ex06AppDelegate.m */ = {isa = PBXFileReference; lastKnownFileType = sourcecode.c.objc; path = Ex06AppDelegate.m; sourceTree = "<group>"; };
		EA4A85A214FFB8DE00517DB9 /* MyUIViewController.h */ = {isa = PBXFileReference; fileEncoding = 4; lastKnownFileType = sourcecode.c.h; path = MyUIViewController.h; sourceTree = "<group>"; };
		EA4A85A314FFB8DE00517DB9 /* MyUIViewController.m */ = {isa = PBXFileReference; fileEncoding = 4; lastKnownFileType = sourcecode.c.objc; path = MyUIViewController.m; sourceTree = "<group>"; };
		EA4A85A414FFB8DE00517DB9 /* MyUIViewController.xib */ = {isa = PBXFileReference; fileEncoding = 4; lastKnownFileType = file.xib; path = MyUIViewController.xib; sourceTree = "<group>"; };
		EA4A85A814FFBA0800517DB9 /* BeerIcon001.png */ = {isa = PBXFileReference; lastKnownFileType = image.png; path = BeerIcon001.png; sourceTree = "<group>"; };
		EA4A85A914FFBA0800517DB9 /* BeerIcon002.png */ = {isa = PBXFileReference; lastKnownFileType = image.png; path = BeerIcon002.png; sourceTree = "<group>"; };
		EA4A85AA14FFBA0800517DB9 /* BeerIcon003.png */ = {isa = PBXFileReference; lastKnownFileType = image.png; path = BeerIcon003.png; sourceTree = "<group>"; };
/* End PBXFileReference section */

/* Begin PBXFrameworksBuildPhase section */
		EA4A858414FFB58900517DB9 /* Frameworks */ = {
			isa = PBXFrameworksBuildPhase;
			buildActionMask = 2147483647;
			files = (
				EA4A858C14FFB58900517DB9 /* UIKit.framework in Frameworks */,
				EA4A858E14FFB58900517DB9 /* Foundation.framework in Frameworks */,
				EA4A859014FFB58900517DB9 /* CoreGraphics.framework in Frameworks */,
			);
			runOnlyForDeploymentPostprocessing = 0;
		};
/* End PBXFrameworksBuildPhase section */

/* Begin PBXGroup section */
		EA4A857C14FFB58900517DB9 = {
			isa = PBXGroup;
			children = (
				EA4A859114FFB58900517DB9 /* Exercise6 */,
				EA4A858A14FFB58900517DB9 /* Frameworks */,
				EA4A858814FFB58900517DB9 /* Products */,
			);
			sourceTree = "<group>";
		};
		EA4A858814FFB58900517DB9 /* Products */ = {
			isa = PBXGroup;
			children = (
				EA4A858714FFB58900517DB9 /* Exercise6.app */,
			);
			name = Products;
			sourceTree = "<group>";
		};
		EA4A858A14FFB58900517DB9 /* Frameworks */ = {
			isa = PBXGroup;
			children = (
				EA4A858B14FFB58900517DB9 /* UIKit.framework */,
				EA4A858D14FFB58900517DB9 /* Foundation.framework */,
				EA4A858F14FFB58900517DB9 /* CoreGraphics.framework */,
			);
			name = Frameworks;
			sourceTree = "<group>";
		};
		EA4A859114FFB58900517DB9 /* Exercise6 */ = {
			isa = PBXGroup;
			children = (
				EA4A85A714FFB9E400517DB9 /* Images */,
				EA4A859A14FFB58900517DB9 /* Ex06AppDelegate.h */,
				EA4A859B14FFB58900517DB9 /* Ex06AppDelegate.m */,
				EA4A859214FFB58900517DB9 /* Supporting Files */,
				EA4A85A214FFB8DE00517DB9 /* MyUIViewController.h */,
				EA4A85A314FFB8DE00517DB9 /* MyUIViewController.m */,
				EA4A85A414FFB8DE00517DB9 /* MyUIViewController.xib */,
			);
			path = Exercise6;
			sourceTree = "<group>";
		};
		EA4A859214FFB58900517DB9 /* Supporting Files */ = {
			isa = PBXGroup;
			children = (
				EA4A859314FFB58900517DB9 /* Exercise6-Info.plist */,
				EA4A859414FFB58900517DB9 /* InfoPlist.strings */,
				EA4A859714FFB58900517DB9 /* main.m */,
				EA4A859914FFB58900517DB9 /* Exercise6-Prefix.pch */,
				EA3B9DAC150507C000138A24 /* PickerViewObject.h */,
				EA3B9DAD150507C000138A24 /* PickerViewObject.m */,
			);
			name = "Supporting Files";
			sourceTree = "<group>";
		};
		EA4A85A714FFB9E400517DB9 /* Images */ = {
			isa = PBXGroup;
			children = (
				EA4A85A814FFBA0800517DB9 /* BeerIcon001.png */,
				EA4A85A914FFBA0800517DB9 /* BeerIcon002.png */,
				EA4A85AA14FFBA0800517DB9 /* BeerIcon003.png */,
			);
			name = Images;
			sourceTree = "<group>";
		};
/* End PBXGroup section */

/* Begin PBXNativeTarget section */
		EA4A858614FFB58900517DB9 /* Exercise6 */ = {
			isa = PBXNativeTarget;
			buildConfigurationList = EA4A859F14FFB58900517DB9 /* Build configuration list for PBXNativeTarget "Exercise6" */;
			buildPhases = (
				EA4A858314FFB58900517DB9 /* Sources */,
				EA4A858414FFB58900517DB9 /* Frameworks */,
				EA4A858514FFB58900517DB9 /* Resources */,
			);
			buildRules = (
			);
			dependencies = (
			);
			name = Exercise6;
			productName = Exercise6;
			productReference = EA4A858714FFB58900517DB9 /* Exercise6.app */;
			productType = "com.apple.product-type.application";
		};
/* End PBXNativeTarget section */

/* Begin PBXProject section */
		EA4A857E14FFB58900517DB9 /* Project object */ = {
			isa = PBXProject;
			attributes = {
				LastUpgradeCheck = 0420;
			};
			buildConfigurationList = EA4A858114FFB58900517DB9 /* Build configuration list for PBXProject "Exercise6" */;
			compatibilityVersion = "Xcode 3.2";
			developmentRegion = English;
			hasScannedForEncodings = 0;
			knownRegions = (
				en,
			);
			mainGroup = EA4A857C14FFB58900517DB9;
			productRefGroup = EA4A858814FFB58900517DB9 /* Products */;
			projectDirPath = "";
			projectRoot = "";
			targets = (
				EA4A858614FFB58900517DB9 /* Exercise6 */,
			);
		};
/* End PBXProject section */

/* Begin PBXResourcesBuildPhase section */
		EA4A858514FFB58900517DB9 /* Resources */ = {
			isa = PBXResourcesBuildPhase;
			buildActionMask = 2147483647;
			files = (
				EA4A859614FFB58900517DB9 /* InfoPlist.strings in Resources */,
				EA4A85A614FFB8DE00517DB9 /* MyUIViewController.xib in Resources */,
				EA4A85AB14FFBA0800517DB9 /* BeerIcon001.png in Resources */,
				EA4A85AC14FFBA0800517DB9 /* BeerIcon002.png in Resources */,
				EA4A85AD14FFBA0800517DB9 /* BeerIcon003.png in Resources */,
			);
			runOnlyForDeploymentPostprocessing = 0;
		};
/* End PBXResourcesBuildPhase section */

/* Begin PBXSourcesBuildPhase section */
		EA4A858314FFB58900517DB9 /* Sources */ = {
			isa = PBXSourcesBuildPhase;
			buildActionMask = 2147483647;
			files = (
				EA4A859814FFB58900517DB9 /* main.m in Sources */,
				EA4A859C14FFB58900517DB9 /* Ex06AppDelegate.m in Sources */,
				EA4A85A514FFB8DE00517DB9 /* MyUIViewController.m in Sources */,
				EA3B9DAE150507C000138A24 /* PickerViewObject.m in Sources */,
			);
			runOnlyForDeploymentPostprocessing = 0;
		};
/* End PBXSourcesBuildPhase section */

/* Begin PBXVariantGroup section */
		EA4A859414FFB58900517DB9 /* InfoPlist.strings */ = {
			isa = PBXVariantGroup;
			children = (
				EA4A859514FFB58900517DB9 /* en */,
			);
			name = InfoPlist.strings;
			sourceTree = "<group>";
		};
/* End PBXVariantGroup section */

/* Begin XCBuildConfiguration section */
		EA4A859D14FFB58900517DB9 /* Debug */ = {
			isa = XCBuildConfiguration;
			buildSettings = {
				ALWAYS_SEARCH_USER_PATHS = NO;
				ARCHS = "$(ARCHS_STANDARD_32_BIT)";
				"CODE_SIGN_IDENTITY[sdk=iphoneos*]" = "iPhone Developer";
				COPY_PHASE_STRIP = NO;
				GCC_C_LANGUAGE_STANDARD = gnu99;
				GCC_DYNAMIC_NO_PIC = NO;
				GCC_OPTIMIZATION_LEVEL = 0;
				GCC_PREPROCESSOR_DEFINITIONS = (
					"DEBUG=1",
					"$(inherited)",
				);
				GCC_SYMBOLS_PRIVATE_EXTERN = NO;
				GCC_VERSION = com.apple.compilers.llvm.clang.1_0;
				GCC_WARN_ABOUT_MISSING_PROTOTYPES = YES;
				GCC_WARN_ABOUT_RETURN_TYPE = YES;
				GCC_WARN_UNUSED_VARIABLE = YES;
				IPHONEOS_DEPLOYMENT_TARGET = 5.0;
				SDKROOT = iphoneos;
			};
			name = Debug;
		};
		EA4A859E14FFB58900517DB9 /* Release */ = {
			isa = XCBuildConfiguration;
			buildSettings = {
				ALWAYS_SEARCH_USER_PATHS = NO;
				ARCHS = "$(ARCHS_STANDARD_32_BIT)";
				"CODE_SIGN_IDENTITY[sdk=iphoneos*]" = "iPhone Developer";
				COPY_PHASE_STRIP = YES;
				GCC_C_LANGUAGE_STANDARD = gnu99;
				GCC_VERSION = com.apple.compilers.llvm.clang.1_0;
				GCC_WARN_ABOUT_MISSING_PROTOTYPES = YES;
				GCC_WARN_ABOUT_RETURN_TYPE = YES;
				GCC_WARN_UNUSED_VARIABLE = YES;
				IPHONEOS_DEPLOYMENT_TARGET = 5.0;
				OTHER_CFLAGS = "-DNS_BLOCK_ASSERTIONS=1";
				SDKROOT = iphoneos;
				VALIDATE_PRODUCT = YES;
			};
			name = Release;
		};
		EA4A85A014FFB58900517DB9 /* Debug */ = {
			isa = XCBuildConfiguration;
			buildSettings = {
				GCC_PRECOMPILE_PREFIX_HEADER = YES;
				GCC_PREFIX_HEADER = "Exercise6/Exercise6-Prefix.pch";
				INFOPLIST_FILE = "Exercise6/Exercise6-Info.plist";
				PRODUCT_NAME = "$(TARGET_NAME)";
				WRAPPER_EXTENSION = app;
			};
			name = Debug;
		};
		EA4A85A114FFB58900517DB9 /* Release */ = {
			isa = XCBuildConfiguration;
			buildSettings = {
				GCC_PRECOMPILE_PREFIX_HEADER = YES;
				GCC_PREFIX_HEADER = "Exercise6/Exercise6-Prefix.pch";
				INFOPLIST_FILE = "Exercise6/Exercise6-Info.plist";
				PRODUCT_NAME = "$(TARGET_NAME)";
				WRAPPER_EXTENSION = app;
			};
			name = Release;
		};
/* End XCBuildConfiguration section */

/* Begin XCConfigurationList section */
		EA4A858114FFB58900517DB9 /* Build configuration list for PBXProject "Exercise6" */ = {
			isa = XCConfigurationList;
			buildConfigurations = (
				EA4A859D14FFB58900517DB9 /* Debug */,
				EA4A859E14FFB58900517DB9 /* Release */,
			);
			defaultConfigurationIsVisible = 0;
			defaultConfigurationName = Release;
		};
		EA4A859F14FFB58900517DB9 /* Build configuration list for PBXNativeTarget "Exercise6" */ = {
			isa = XCConfigurationList;
			buildConfigurations = (
				EA4A85A014FFB58900517DB9 /* Debug */,
				EA4A85A114FFB58900517DB9 /* Release */,
			);
			defaultConfigurationIsVisible = 0;
			defaultConfigurationName = Release;
		};
/* End XCConfigurationList section */
	};
	rootObject = EA4A857E14FFB58900517DB9 /* Project object */;
}
